github.com/di-wu/parser v0.2.2 h1:I9oHJ8spBXOeL7Wps0ffkFFFiXJf/pk7NX9lcAMqRMU=
github.com/di-wu/parser v0.2.2/go.mod h1:SLp58pW6WamdmznrVRrw2NTyn4wAvT9rrEFynKX7nYo=
github.com/di-wu/xsd-datetime v1.0.0 h1:vZoGNkbzpBNoc+JyfVLEbutNDNydYV8XwHeV7eUJoxI=
github.com/di-wu/xsd-datetime v1.0.0/go.mod h1:i3iEhrP3WchwseOBeIdW/zxeoleXTOzx1WyDXgdmOww=
github.com/elimity-com/scim v0.0.0-20201127161536-a9839c78b516/go.mod h1:NW7dUnZd8Ed+YHuGqxcvPbdPELzSsi8SFzzXwTUyU6M=
github.com/elimity-com/scim v0.0.0-20220121082953-15165b1a61c8 h1:6fUaAaX4Xe07LhVrHNmpfnlU41Nsto4skz4vhVqGwYk=
github.com/elimity-com/scim v0.0.0-20220121082953-15165b1a61c8/go.mod h1:JkjcmqbLW+khwt2fmBPJFBhx2zGZ8XobRZ+O0VhlwWo=
github.com/google/uuid v1.1.2/go.mod h1:TIyPZe4MgqvfeYDBFedMoGGpEw/LqOeaOT+nhxU+yHo=
github.com/google/uuid v1.3.0 h1:t6JiXgmwXMjEs8VusXIJk2BXHsn+wx8BZdTaoZ5fu7I=
github.com/google/uuid v1.3.0/go.mod h1:TIyPZe4MgqvfeYDBFedMoGGpEw/LqOeaOT+nhxU+yHo=
github.com/scim2/example-server v0.0.0-20210123155012-3f4f043c85c5 h1:hOIYM7UMmLob0gy7Wxv0/vtssiHSGJgNEPo4eEjsiMw=
github.com/scim2/example-server v0.0.0-20210123155012-3f4f043c85c5/go.mod h1:YO5vgZOhlSEO9ItaKTAueyukEPV6TVGg4jKaPP+4ruo=
github.com/scim2/filter-parser v1.0.0/go.mod h1:ybpX+9rf7wMUVX53VD5V0NT3jhCpJEAC4bJruwAmwVM=
github.com/scim2/filter-parser/v2 v2.2.0 h1:QGadEcsmypxg8gYChRSM2j1edLyE/2j72j+hdmI4BJM=
github.com/scim2/filter-parser/v2 v2.2.0/go.mod h1:jWnkDToqX/Y0ugz0P5VvpVEUKcWcyHHj+X+je9ce5JA=
github.com/scim2/tools/attributes v1.0.0 h1:OGdxnOnay9vSuZhsQB4BFJDXDmo4X8lDg4q++cEIiKg=
github.com/scim2/tools/attributes v1.0.0/go.mod h1:HirRtL4gFwnZAjZbyg33fA0/YAZKyExiTR6ewHhMs9A=
github.com/scim2/tools/generate v1.1.0/go.mod h1:d/bDu7e37VZhmyv8azcbiVQ5M4eXIBQRV6qXAMqZ0yg=
github.com/scim2/tools/marshal v1.1.0 h1:LZZuDPCToxP/kZyeh67iwZVvA+y8W936umhYzceheBw=
github.com/scim2/tools/marshal v1.1.0/go.mod h1:FVSaX9azZzJn2Wi75vHqeBorvEYyGGpStFiTlBlPmpQ=
github.com/scim2/tools/schema v1.0.0/go.mod h1:40hRS0VkXo6o+PusU1B78y/RthyJhRPnjmPpLcF/6as=
